
Microsoft Visual Studio Solution File, Format Version 12.00
# Visual Studio Version 16
VisualStudioVersion = 16.0.29424.173
MinimumVisualStudioVersion = 10.0.40219.1
Project("{8BC9CEB8-8B4A-11D0-8D11-00A0C91BC942}") = "Atlas", "Atlas.vcxproj", "{F3378308-A033-462A-97C0-B94EDFDFD2DD}"
EndProject
Global
	GlobalSection(SolutionConfigurationPlatforms) = preSolution
		Debug|Win32 = Debug|Win32
		Release|Win32 = Release|Win32
	EndGlobalSection
	GlobalSection(ProjectConfigurationPlatforms) = postSolution
		{F3378308-A033-462A-97C0-B94EDFDFD2DD}.Debug|Win32.ActiveCfg = Debug|Win32
		{F3378308-A033-462A-97C0-B94EDFDFD2DD}.Debug|Win32.Build.0 = Debug|Win32
		{F3378308-A033-462A-97C0-B94EDFDFD2DD}.Release|Win32.ActiveCfg = Release|Win32
		{F3378308-A033-462A-97C0-B94EDFDFD2DD}.Release|Win32.Build.0 = Release|Win32
	EndGlobalSection
	GlobalSection(SolutionProperties) = preSolution
		HideSolutionNode = FALSE
	EndGlobalSection
	GlobalSection(ExtensibilityGlobals) = postSolution
		SolutionGuid = {AB4891C2-64E7-40CF-A031-8106089D5F6E}
	EndGlobalSection
EndGlobal
